version = 1
revision = 3
requires-python = ">=3.11"

[[package]]
name = "cachetools"
version = "7.1.4"
source = { registry = "https://pypi.org/simple" }
sdist = { url = "https://files.pythonhosted.org/packages/f4/8b/0d3945a13955303b81272f759a0331e54c5c793da455e6f5706b89d2639c/cachetools-7.1.4.tar.gz", hash = "sha256:437f55a4e0c1b01a4f3077cc470e6991d47430970e36fbcb77e2be0df4fc1cd6", size = 40085, upload-time = "2026-05-21T22:40:43.376Z" }
wheels = [
    { url = "https://files.pythonhosted.org/packages/8c/7b/1fc1c09cc0756cf25861a3be10565915953876da48bb228fb9a672b20a42/cachetools-7.1.4-py3-none-any.whl", hash = "sha256:323dc4127934744db5b54eb4924482d7edafbf9554e820d1531c2e08c0e4ef54", size = 16761, upload-time = "2026-05-21T22:40:41.845Z" },
]

[[package]]
name = "colorama"
version = "0.4.6"
source = { registry = "https://pypi.org/simple" }
sdist = { url = "https://files.pythonhosted.org/packages/d8/53/6f443c9a4a8358a93a6792e2acffb9d9d5cb0a5cfd8802644b7b1c9a02e4/colorama-0.4.6.tar.gz", hash = "sha256:08695f5cb7ed6e0531a20572697297273c47b8cae5a63ffc6d6ed5c201be6e44", size = 27697, upload-time = "2022-10-25T02:36:22.414Z" }
wheels = [
    { url = "https://files.pythonhosted.org/packages/d1/d6/3965ed04c63042e047cb6a3e6ed1a63a35087b6a609aa3a15ed8ac56c221/colorama-0.4.6-py2.py3-none-any.whl", hash = "sha256:4f1d9991f5acc0ca119f9d443620b77f9d6b33703e51011c16baf57afb285fc6", size = 25335, upload-time = "2022-10-25T02:36:20.889Z" },
]

[[package]]
name = "distlib"
version = "0.4.1"
source = { registry = "https://pypi.org/simple" }
sdist = { url = "https://files.pythonhosted.org/packages/86/b2/d6fc3f2347f43dada79e5ff118493e8109c98400a0e29a1d5264a3aa479b/distlib-0.4.1.tar.gz", hash = "sha256:c3804d0d2d4b5fcd44036eb860cb6660485fcdf5c2aba53dc324d805837ea65b", size = 610526, upload-time = "2026-06-02T11:17:40.691Z" }
wheels = [
    { url = "https://files.pythonhosted.org/packages/25/18/3497c4fa83a76dcb154923fd2075522e8dd6995ecee4093c00ae18160046/distlib-0.4.1-py2.py3-none-any.whl", hash = "sha256:9c2c552c68cbadc619f2d0ed3a69e27c351a3f4c9baa9ffb7df9e9cdc3d19a97", size = 469216, upload-time = "2026-06-02T11:17:38.779Z" },
]

[[package]]
name = "filelock"
version = "3.29.0"
source = { registry = "https://pypi.org/simple" }
sdist = { url = "https://files.pythonhosted.org/packages/b5/fe/997687a931ab51049acce6fa1f23e8f01216374ea81374ddee763c493db5/filelock-3.29.0.tar.gz", hash = "sha256:69974355e960702e789734cb4871f884ea6fe50bd8404051a3530bc07809cf90", size = 57571, upload-time = "2026-04-19T15:39:10.068Z" }
wheels = [
    { url = "https://files.pythonhosted.org/packages/81/47/dd9a212ef6e343a6857485ffe25bba537304f1913bdbed446a23f7f592e1/filelock-3.29.0-py3-none-any.whl", hash = "sha256:96f5f6344709aa1572bbf631c640e4ebeeb519e08da902c39a001882f30ac258", size = 39812, upload-time = "2026-04-19T15:39:08.752Z" },
]

[[package]]
name = "iniconfig"
version = "2.3.0"
source = { registry = "https://pypi.org/simple" }
sdist = { url = "https://files.pythonhosted.org/packages/72/34/14ca021ce8e5dfedc35312d08ba8bf51fdd999c576889fc2c24cb97f4f10/iniconfig-2.3.0.tar.gz", hash = "sha256:c76315c77db068650d49c5b56314774a7804df16fee4402c1f19d6d15d8c4730", size = 20503, upload-time = "2025-10-18T21:55:43.219Z" }
wheels = [
    { url = "https://files.pythonhosted.org/packages/cb/b1/3846dd7f199d53cb17f49cba7e651e9ce294d8497c8c150530ed11865bb8/iniconfig-2.3.0-py3-none-any.whl", hash = "sha256:f631c04d2c48c52b84d0d0549c99ff3859c98df65b3101406327ecc7d53fbf12", size = 7484, upload-time = "2025-10-18T21:55:41.639Z" },
]

[[package]]
name = "packaging"
version = "26.2"
source = { registry = "https://pypi.org/simple" }
sdist = { url = "https://files.pythonhosted.org/packages/d7/f1/e7a6dd94a8d4a5626c03e4e99c87f241ba9e350cd9e6d75123f992427270/packaging-26.2.tar.gz", hash = "sha256:ff452ff5a3e828ce110190feff1178bb1f2ea2281fa2075aadb987c2fb221661", size = 228134, upload-time = "2026-04-24T20:15:23.917Z" }
wheels = [
    { url = "https://files.pythonhosted.org/packages/df/b2/87e62e8c3e2f4b32e5fe99e0b86d576da1312593b39f47d8ceef365e95ed/packaging-26.2-py3-none-any.whl", hash = "sha256:5fc45236b9446107ff2415ce77c807cee2862cb6fac22b8a73826d0693b0980e", size = 100195, upload-time = "2026-04-24T20:15:22.081Z" },
]

[[package]]
name = "platformdirs"
version = "4.10.0"
source = { registry = "https://pypi.org/simple" }
sdist = { url = "https://files.pythonhosted.org/packages/d7/47/e4501f49c178ae1d9f4a75073fda4204f52647993f075a9db4d14930e0c5/platformdirs-4.10.0.tar.gz", hash = "sha256:31e761a6a0ca04faf7353ea759bdba55652be214725111e5aac52dfa29d4bef7", size = 31224, upload-time = "2026-05-28T03:32:53.587Z" }
wheels = [
    { url = "https://files.pythonhosted.org/packages/81/e6/cd9575ac904136b3cbf7aa7ee819ef86eedb7274e46f230e94ea4342e729/platformdirs-4.10.0-py3-none-any.whl", hash = "sha256:fb516cdb12eb0d857d0cd85a7c57cea4d060bee4578d6cf5a14dfdf8cbf8784a", size = 22743, upload-time = "2026-05-28T03:32:52.175Z" },
]

[[package]]
name = "pluggy"
version = "1.6.0"
source = { registry = "https://pypi.org/simple" }
sdist = { url = "https://files.pythonhosted.org/packages/f9/e2/3e91f31a7d2b083fe6ef3fa267035b518369d9511ffab804f839851d2779/pluggy-1.6.0.tar.gz", hash = "sha256:7dcc130b76258d33b90f61b658791dede3486c3e6bfb003ee5c9bfb396dd22f3", size = 69412, upload-time = "2025-05-15T12:30:07.975Z" }
wheels = [
    { url = "https://files.pythonhosted.org/packages/54/20/4d324d65cc6d9205fabedc306948156824eb9f0ee1633355a8f7ec5c66bf/pluggy-1.6.0-py3-none-any.whl", hash = "sha256:e920276dd6813095e9377c0bc5566d94c932c33b27a3e3945d8389c374dd4746", size = 20538, upload-time = "2025-05-15T12:30:06.134Z" },
]

[[package]]
name = "pygments"
version = "2.20.0"
source = { registry = "https://pypi.org/simple" }
sdist = { url = "https://files.pythonhosted.org/packages/c3/b2/bc9c9196916376152d655522fdcebac55e66de6603a76a02bca1b6414f6c/pygments-2.20.0.tar.gz", hash = "sha256:6757cd03768053ff99f3039c1a36d6c0aa0b263438fcab17520b30a303a82b5f", size = 4955991, upload-time = "2026-03-29T13:29:33.898Z" }
wheels = [
    { url = "https://files.pythonhosted.org/packages/f4/7e/a72dd26f3b0f4f2bf1dd8923c85f7ceb43172af56d63c7383eb62b332364/pygments-2.20.0-py3-none-any.whl", hash = "sha256:81a9e26dd42fd28a23a2d169d86d7ac03b46e2f8b59ed4698fb4785f946d0176", size = 1231151, upload-time = "2026-03-29T13:29:30.038Z" },
]

[[package]]
name = "pyproject-api"
version = "1.10.1"
source = { registry = "https://pypi.org/simple" }
dependencies = [
    { name = "packaging" },
]
sdist = { url = "https://files.pythonhosted.org/packages/62/62/0fe346fe380b1aafaf819c8cb195d3241bb4f355f908e6339814131a830b/pyproject_api-1.10.1.tar.gz", hash = "sha256:c2b2726bd7aa9217b6c50b621fef5b2ae5def4d55b779c9e0694c15e0a8517ba", size = 23477, upload-time = "2026-05-28T14:22:14.049Z" }
wheels = [
    { url = "https://files.pythonhosted.org/packages/79/d7/29e1e5e882f79133631f7bcace42d23db493f616463c157a1ab614bf69dd/pyproject_api-1.10.1-py3-none-any.whl", hash = "sha256:fa9e6f66c35b5017e909825d8f2b5d5482ea699d7be809d21c03bd1f7317f36a", size = 12992, upload-time = "2026-05-28T14:22:12.711Z" },
]

[[package]]
name = "pytest"
version = "9.0.3"
source = { registry = "https://pypi.org/simple" }
dependencies = [
    { name = "colorama", marker = "sys_platform == 'win32'" },
    { name = "iniconfig" },
    { name = "packaging" },
    { name = "pluggy" },
    { name = "pygments" },
]
sdist = { url = "https://files.pythonhosted.org/packages/7d/0d/549bd94f1a0a402dc8cf64563a117c0f3765662e2e668477624baeec44d5/pytest-9.0.3.tar.gz", hash = "sha256:b86ada508af81d19edeb213c681b1d48246c1a91d304c6c81a427674c17eb91c", size = 1572165, upload-time = "2026-04-07T17:16:18.027Z" }
wheels = [
    { url = "https://files.pythonhosted.org/packages/d4/24/a372aaf5c9b7208e7112038812994107bc65a84cd00e0354a88c2c77a617/pytest-9.0.3-py3-none-any.whl", hash = "sha256:2c5efc453d45394fdd706ade797c0a81091eccd1d6e4bccfcd476e2b8e0ab5d9", size = 375249, upload-time = "2026-04-07T17:16:16.13Z" },
]

[[package]]
name = "python-discovery"
version = "1.4.0"
source = { registry = "https://pypi.org/simple" }
dependencies = [
    { name = "filelock" },
    { name = "platformdirs" },
]
sdist = { url = "https://files.pythonhosted.org/packages/a6/12/38c1a0b1e64806780c9563e3fc9f6e472251839662587cfbe9bfaf2ae10a/python_discovery-1.4.0.tar.gz", hash = "sha256:eb8bc7daad3c226c147e45bb4e970a1feb1bf4048ee178e6db59e197b8010ce3", size = 68455, upload-time = "2026-05-28T01:15:37.639Z" }
wheels = [
    { url = "https://files.pythonhosted.org/packages/c8/8d/3d316429f65029532bb1e28ff77b797d86b5ac3915bb44ca4e19aa283d43/python_discovery-1.4.0-py3-none-any.whl", hash = "sha256:26ed78d703e234879a66244c7d4114563fb13ec5cd30a2d1357e5fb4850782da", size = 33217, upload-time = "2026-05-28T01:15:36.573Z" },
]

[[package]]
name = "ruff"
version = "0.15.15"
source = { registry = "https://pypi.org/simple" }
sdist = { url = "https://files.pythonhosted.org/packages/84/6f/a76f7d96e5c962f5b69cee865e49c15c1116897c01990faa8a57edb62e7f/ruff-0.15.15.tar.gz", hash = "sha256:b8dff018130b46d8e5bf0f926ef6b60cf871d6d5ae45fc9334e09632daa741d6", size = 4706985, upload-time = "2026-05-28T14:16:57.784Z" }
wheels = [
    { url = "https://files.pythonhosted.org/packages/fa/9d/3a45c05b8ab04b4705989de70a79008e27c8003296a0feaee9edc18dd7e9/ruff-0.15.15-py3-none-linux_armv6l.whl", hash = "sha256:cf93e5388f412e1b108b1f8b34a6e036b70fe8aff89393befad96fe48670311b", size = 10710652, upload-time = "2026-05-28T14:16:06.701Z" },
    { url = "https://files.pythonhosted.org/packages/05/66/da974431624bf3b49f6ee1f9543c02d929ff1cba78b0d5a79c38cf21f744/ruff-0.15.15-py3-none-macosx_10_12_x86_64.whl", hash = "sha256:ac5a646d1f6a7dadd5d50842dae2c1f9862ac887ef5d1b1375e02def791fde6e", size = 11096615, upload-time = "2026-05-28T14:16:23.313Z" },
    { url = "https://files.pythonhosted.org/packages/8c/09/7443452e5d290230a712103f2fdceeef7184f3ec99a2bd01c8be78aaceb5/ruff-0.15.15-py3-none-macosx_11_0_arm64.whl", hash = "sha256:77d955a431430c66f72dd94e379ad38a16daea3d25094872ac4edf9e797be530", size = 10436683, upload-time = "2026-05-28T14:16:40.974Z" },
    { url = "https://files.pythonhosted.org/packages/53/01/d330c26a57fa4f3943a14424904027428315b700fe4d14a84bb123a649e5/ruff-0.15.15-py3-none-manylinux_2_17_aarch64.manylinux2014_aarch64.whl", hash = "sha256:7614ee79c69788cf6cedd568069ade9cecc22a1ad20494efe8d0c9ebb4b622d4", size = 10769064, upload-time = "2026-05-28T14:16:28.905Z" },
    { url = "https://files.pythonhosted.org/packages/1d/85/cc8770f8bdff541b1da8392d1634141fe4a0e3f4ee596605959b7906c27f/ruff-0.15.15-py3-none-manylinux_2_17_armv7l.manylinux2014_armv7l.whl", hash = "sha256:3cdb1679e06a1f6b47bc384714ae96f6e2fb65ca441eb78c43d2ca554176ce1f", size = 10511987, upload-time = "2026-05-28T14:16:43.732Z" },
    { url = "https://files.pythonhosted.org/packages/7c/29/8c190c1472b63013583ba391f3342036e02010544c1270455ed8e519bdf3/ruff-0.15.15-py3-none-manylinux_2_17_i686.manylinux2014_i686.whl", hash = "sha256:2728b93d7b23a603ea2c0ac6eb73d760bd38ec9de35f35fb41e18f7a3fee7622", size = 11275100, upload-time = "2026-05-28T14:16:55.244Z" },
    { url = "https://files.pythonhosted.org/packages/9f/6b/7e145ce2cc8e63d6834eca03d83a0e18d121def5c69f91b4cf4011ed4879/ruff-0.15.15-py3-none-manylinux_2_17_ppc64le.manylinux2014_ppc64le.whl", hash = "sha256:be582fcc0db438902c7792b08d6ddf6c9b9e21addaa10092c2c741cfb09e5a45", size = 12176903, upload-time = "2026-05-28T14:16:14.368Z" },
    { url = "https://files.pythonhosted.org/packages/80/a3/d5974637f68e451f7fadf015cf3101d1cd7d8ba5027cffe0b9e3826ebe6b/ruff-0.15.15-py3-none-manylinux_2_17_s390x.manylinux2014_s390x.whl", hash = "sha256:7aa77465b8ecaf1a27bea098d696f7fed5e1eccbd10b321b682d6de586ae5627", size = 11404550, upload-time = "2026-05-28T14:16:20.138Z" },
    { url = "https://files.pythonhosted.org/packages/fe/1c/e6e5e568f22be4fb05d6244234aba384c06b451252453b821e1a529263cf/ruff-0.15.15-py3-none-manylinux_2_17_x86_64.manylinux2014_x86_64.whl", hash = "sha256:48decfa11d740de4889de623be1463308346312f2409a56e24aa280c86162dc4", size = 11382027, upload-time = "2026-05-28T14:16:46.615Z" },
    { url = "https://files.pythonhosted.org/packages/1d/01/170921b49fcd2e8858825593f91cf7146c3e40a5c3e6df763e4bb0484dde/ruff-0.15.15-py3-none-manylinux_2_31_riscv64.whl", hash = "sha256:a5015088452ca0081387063649ec67f06d3d1d6b8b936a1f836b5e9657ecd48c", size = 11366041, upload-time = "2026-05-28T14:16:26.247Z" },
    { url = "https://files.pythonhosted.org/packages/87/54/a7bad711d7de93254e15e06a4c375b89a03d18de45d3e5dcc86a4472fb1a/ruff-0.15.15-py3-none-musllinux_1_2_aarch64.whl", hash = "sha256:f5294aab6356c81600fcdea3a62bb1b924dfd5e91767c12318d3f68f86af57cd", size = 10741795, upload-time = "2026-05-28T14:16:17.11Z" },
    { url = "https://files.pythonhosted.org/packages/c9/31/38c075963668f8b41c6914ee0f6f318727fbe30ab9145cb29e6df464c5fa/ruff-0.15.15-py3-none-musllinux_1_2_armv7l.whl", hash = "sha256:db5bd4d802415cca656dc1616070b725952d6ae95eb5d4831e49fbd94a38f75f", size = 10511117, upload-time = "2026-05-28T14:16:31.767Z" },
    { url = "https://files.pythonhosted.org/packages/9d/96/6ff689e1f7e375d1d97075eca022f74c2bab59554a432fe4d2e6f091986a/ruff-0.15.15-py3-none-musllinux_1_2_i686.whl", hash = "sha256:587a6278ed42059191c1a466e490bd7930fb50bd2e255398bc29616c895a61cb", size = 10994867, upload-time = "2026-05-28T14:16:35.149Z" },
    { url = "https://files.pythonhosted.org/packages/c3/c2/5dce0ab9f92a8d534fa62b9bf9caca3eddb8c1a81b616f5e195ada4f0d6e/ruff-0.15.15-py3-none-musllinux_1_2_x86_64.whl", hash = "sha256:df0c1c084f5f4be9812f61518a45c440d3c30d69ce4bf6c5270e66d38338f02a", size = 11482101, upload-time = "2026-05-28T14:16:49.598Z" },
    { url = "https://files.pythonhosted.org/packages/b1/c0/1003b60edd697c649faf61f1a34094b1abb38fb3d1181e3f895781250a08/ruff-0.15.15-py3-none-win32.whl", hash = "sha256:29428ea79694afbe756d45fd59b36f22b6b020dc0443cf7de0173046236964b9", size = 10716774, upload-time = "2026-05-28T14:16:52.337Z" },
    { url = "https://files.pythonhosted.org/packages/02/a8/1269eddd6945a06c23f055ef7848886e37cf9d6a8bebb386a3115f01470c/ruff-0.15.15-py3-none-win_amd64.whl", hash = "sha256:8df0323902e15e24bc4bf246da830573d3cf3352bd0b9a164eab335d111ff4a4", size = 11868463, upload-time = "2026-05-28T14:16:11.333Z" },
    { url = "https://files.pythonhosted.org/packages/4e/b2/920464c907b191e37469d477a1aa8bc048b8f36c4c1610dfa4ab87b39e18/ruff-0.15.15-py3-none-win_arm64.whl", hash = "sha256:3c8ceca6792f38196b8f589bc92eccd03eef286602da92e5dc05cc42ef6441b7", size = 11138498, upload-time = "2026-05-28T14:16:38.425Z" },
]

[[package]]
name = "synctools"
version = "0.2.0"
source = { editable = "." }

[package.dev-dependencies]
dev = [
    { name = "pytest" },
    { name = "ruff" },
    { name = "tox" },
    { name = "tox-uv" },
]

[package.metadata]

[package.metadata.requires-dev]
dev = [
    { name = "pytest", specifier = ">=8.0" },
    { name = "ruff", specifier = ">=0.14" },
    { name = "tox", specifier = ">=4.50" },
    { name = "tox-uv", specifier = ">=1.14" },
]

[[package]]
name = "tomli-w"
version = "1.2.0"
source = { registry = "https://pypi.org/simple" }
sdist = { url = "https://files.pythonhosted.org/packages/19/75/241269d1da26b624c0d5e110e8149093c759b7a286138f4efd61a60e75fe/tomli_w-1.2.0.tar.gz", hash = "sha256:2dd14fac5a47c27be9cd4c976af5a12d87fb1f0b4512f81d69cce3b35ae25021", size = 7184, upload-time = "2025-01-15T12:07:24.262Z" }
wheels = [
    { url = "https://files.pythonhosted.org/packages/c7/18/c86eb8e0202e32dd3df50d43d7ff9854f8e0603945ff398974c1d91ac1ef/tomli_w-1.2.0-py3-none-any.whl", hash = "sha256:188306098d013b691fcadc011abd66727d3c414c571bb01b1a174ba8c983cf90", size = 6675, upload-time = "2025-01-15T12:07:22.074Z" },
]

[[package]]
name = "tox"
version = "4.55.0"
source = { registry = "https://pypi.org/simple" }
dependencies = [
    { name = "cachetools" },
    { name = "colorama" },
    { name = "filelock" },
    { name = "packaging" },
    { name = "platformdirs" },
    { name = "pluggy" },
    { name = "pyproject-api" },
    { name = "python-discovery" },
    { name = "tomli-w" },
    { name = "virtualenv" },
]
sdist = { url = "https://files.pythonhosted.org/packages/bb/6a/d5807709acd62487b425f147c225cb75c2c22251cac6e51943b07d573636/tox-4.55.0.tar.gz", hash = "sha256:7ede1e1e70f8fe984f7985d7ca58a1e1c15fe9f8715897e38accc607c8de9f70", size = 279415, upload-time = "2026-05-28T05:16:08.099Z" }
wheels = [
    { url = "https://files.pythonhosted.org/packages/11/77/513bb4464c776eb523696285352b8ef98d8d8228dada6e591b0981f5b8e8/tox-4.55.0-py3-none-any.whl", hash = "sha256:83603a222e7e2ffbeb9e92ed6516e31a0ce355b37aea13c82a2c5344274a9391", size = 214789, upload-time = "2026-05-28T05:16:06.431Z" },
]

[[package]]
name = "tox-uv"
version = "1.35.2"
source = { registry = "https://pypi.org/simple" }
dependencies = [
    { name = "tox-uv-bare" },
    { name = "uv" },
]
wheels = [
    { url = "https://files.pythonhosted.org/packages/ca/dc/6e9994c799bdbb309f829dd6b8d98764dd0757302f3433c380438a3a127b/tox_uv-1.35.2-py3-none-any.whl", hash = "sha256:2d99b0e3c782ba49e7cbe521c8d344758595961b17a3633738d67096641c1bde", size = 6565, upload-time = "2026-05-05T01:34:16.07Z" },
]

[[package]]
name = "tox-uv-bare"
version = "1.35.2"
source = { registry = "https://pypi.org/simple" }
dependencies = [
    { name = "packaging" },
    { name = "tox" },
]
sdist = { url = "https://files.pythonhosted.org/packages/0a/cb/168dc1ccf24e4065a9a0a33df55709ed2b5eb73bd2b13ddd53187e5dffb8/tox_uv_bare-1.35.2.tar.gz", hash = "sha256:49e28a804c97f23ea17e25859960c0fa78f35bccb7e14344cfd840e89a9aade9", size = 32333, upload-time = "2026-05-05T01:34:18.916Z" }
wheels = [
    { url = "https://files.pythonhosted.org/packages/5f/53/4a33dc81da39db7b31e5622333df361e8fe055b7ec636bd5fea762c9182d/tox_uv_bare-1.35.2-py3-none-any.whl", hash = "sha256:c0d590a41d1054a1ad0874e9e5943ff52402786e3d4599d8f8d37a65b566ef53", size = 22307, upload-time = "2026-05-05T01:34:17.681Z" },
]

[[package]]
name = "uv"
version = "0.11.18"
source = { registry = "https://pypi.org/simple" }
sdist = { url = "https://files.pythonhosted.org/packages/68/ea/c25007a2964e5f5f5300db2cab16fe8c2fc1284f0b9bea6212e06097d05b/uv-0.11.18.tar.gz", hash = "sha256:61f2bc99898383f9bf04e24b984e42e19cde378dd79192935ca21d75563368a8", size = 4209283, upload-time = "2026-06-01T19:43:07.998Z" }
wheels = [
    { url = "https://files.pythonhosted.org/packages/4f/f1/692f05ecffe73a8bbf62c19ed3ed897556c1a4b00a7b2dd18e5b73f92daa/uv-0.11.18-py3-none-linux_armv6l.whl", hash = "sha256:b35d25a5fda7d058b1684476a47555afbe0e9560318c7a8f72cccc6b77b42e1a", size = 23592196, upload-time = "2026-06-01T19:42:27.089Z" },
    { url = "https://files.pythonhosted.org/packages/38/ad/57a31ea9ffc53a2fb5cd9a60b5edb9e4df7c526ba80be4517c6d73cf4fa7/uv-0.11.18-py3-none-macosx_10_12_x86_64.whl", hash = "sha256:90685bda9e15600ae9a2a10c326008a69f28d8652555a2e760e1493e4b1ae7b5", size = 23193111, upload-time = "2026-06-01T19:42:52.293Z" },
    { url = "https://files.pythonhosted.org/packages/af/3b/130515418bdd4be1aec5941ca2fa53dc0281750434e835ff633e6f8cd944/uv-0.11.18-py3-none-macosx_11_0_arm64.whl", hash = "sha256:0571ec649f25e2cca9eb994637aa1ae27ab3db58f87c5a9b5f9776d5d7cd2298", size = 21621552, upload-time = "2026-06-01T19:42:49.709Z" },
    { url = "https://files.pythonhosted.org/packages/95/de/7dccc8c8449235172e872a9b13b03a67e4f7975ffb875da70a3eada8a4f6/uv-0.11.18-py3-none-manylinux_2_17_aarch64.manylinux2014_aarch64.musllinux_1_1_aarch64.whl", hash = "sha256:5df2b2a59f1ee4392066df24ef9904b3bbdc226e8ab9bdff8e290127fcddc3a3", size = 23456077, upload-time = "2026-06-01T19:43:00.595Z" },
    { url = "https://files.pythonhosted.org/packages/5b/26/7490fc8a7b56847ce4aabcb40b0a938f4daf79fd7bd3a8f3a6d6babe00cc/uv-0.11.18-py3-none-manylinux_2_17_armv7l.manylinux2014_armv7l.musllinux_1_1_armv7l.whl", hash = "sha256:351db8ef413055b7e8e894ff54f30ce3fd001f4f3bbae66c2f519f30008fa5b5", size = 23147860, upload-time = "2026-06-01T19:42:57.748Z" },
    { url = "https://files.pythonhosted.org/packages/8e/56/deddff68533144d7c40a2793914fa2994d0273ef105144cbcd3c08f80eb3/uv-0.11.18-py3-none-manylinux_2_17_armv7l.manylinux2014_armv7l.whl", hash = "sha256:0adb4553e7962132f4d3a3bcbdc49332008486fc7f3e147636c18fdc49dac17e", size = 23168337, upload-time = "2026-06-01T19:42:38.344Z" },
    { url = "https://files.pythonhosted.org/packages/69/b0/71473c35536b92bc94a0ec317a7bddf800aeb90ad341044f61e17a45c6f4/uv-0.11.18-py3-none-manylinux_2_17_i686.manylinux2014_i686.whl", hash = "sha256:f9c2ab380ffafa1d754c92799ce818ce9bb20a5b053538e391fbdf0d10954a6a", size = 24543532, upload-time = "2026-06-01T19:43:03.348Z" },
    { url = "https://files.pythonhosted.org/packages/c4/74/00a422128320ed174c15b0ff7084533280850853592cf802c2f3e3bd25c2/uv-0.11.18-py3-none-manylinux_2_17_ppc64le.manylinux2014_ppc64le.whl", hash = "sha256:73c59f8bca927b922b897a2d6123e45146dc97bfc73aab40ae10359ee37897c4", size = 25497616, upload-time = "2026-06-01T19:42:32.991Z" },
    { url = "https://files.pythonhosted.org/packages/57/b9/a74e7a5029f7eebd7f8c45f6e87fbb2855705dd595980328e2403317a588/uv-0.11.18-py3-none-manylinux_2_17_s390x.manylinux2014_s390x.whl", hash = "sha256:6f2d8240e4b8eaa9507d423ede6cca8396057a24d398b89fbcc3117c79e8a42d", size = 24731187, upload-time = "2026-06-01T19:42:35.647Z" },
    { url = "https://files.pythonhosted.org/packages/ca/c4/8112b3c95db60a39c98db0641dd49bd4228f2fedb9d0ef5e4f3f48b52a0d/uv-0.11.18-py3-none-manylinux_2_17_x86_64.manylinux2014_x86_64.whl", hash = "sha256:9a4ee93dd0cc86046eb234ff8f3a5090c6cbb1466a825c5201aaf4ee4b45158d", size = 24868841, upload-time = "2026-06-01T19:42:46.905Z" },
    { url = "https://files.pythonhosted.org/packages/39/5b/1adc8261a132604bac83438f77080b1cea4b87a633890c6b68dac0d68400/uv-0.11.18-py3-none-manylinux_2_28_aarch64.whl", hash = "sha256:57f4e2dea12cac7749628bc87eb66d3aaa5c3ed27420598899d6d82aee4d1b0d", size = 23536198, upload-time = "2026-06-01T19:42:41.196Z" },
    { url = "https://files.pythonhosted.org/packages/f7/16/44b5f182c5fc442ec8866c84cceec7675b7430417dcf119c1d5b656bce89/uv-0.11.18-py3-none-manylinux_2_31_riscv64.musllinux_1_1_riscv64.whl", hash = "sha256:8b7708376d0c79f84403d293c0774e0de76a7546e1cc80e911d0fed83cee65bf", size = 24290310, upload-time = "2026-06-01T19:43:15.415Z" },
    { url = "https://files.pythonhosted.org/packages/1a/43/021c0033918330f681eb3dafcf44db4b746978b0adb9c6851b2177597b56/uv-0.11.18-py3-none-manylinux_2_31_riscv64.whl", hash = "sha256:df158cc578aa4acff250505eab422a19794c9ff732dcab9faa068caa9dbe661d", size = 24380029, upload-time = "2026-06-01T19:43:12.746Z" },
    { url = "https://files.pythonhosted.org/packages/6c/38/2474a09f24ef57cfe99549a8d2d1a887549bab522a193ad50706a4fff021/uv-0.11.18-py3-none-musllinux_1_1_i686.whl", hash = "sha256:24f251b09f6dd7c367520b6b62e22038b92c18ce56ecee8b426a6cd78151466f", size = 23854064, upload-time = "2026-06-01T19:42:54.948Z" },
    { url = "https://files.pythonhosted.org/packages/75/6a/faa140a30e993453400f94ad5675c9d0673a71191ff523d3117c312779a6/uv-0.11.18-py3-none-musllinux_1_1_x86_64.whl", hash = "sha256:6e461d64cdc957da38fec9946758020ee3a66b4508f76cb940a866f704b20355", size = 25055765, upload-time = "2026-06-01T19:43:09.914Z" },
    { url = "https://files.pythonhosted.org/packages/e4/8a/077ded1832e92161fc880a420fbd513495369716531055215399d3056eba/uv-0.11.18-py3-none-win32.whl", hash = "sha256:97d60103eec0c4295c2728f0483def79d62a3f265baa11fdf94912c8f10be019", size = 22415962, upload-time = "2026-06-01T19:43:05.896Z" },
    { url = "https://files.pythonhosted.org/packages/58/bc/68cf345e104a958f0b8971ae60a7d27c69b5892dcddc2e1d9e4a62c69931/uv-0.11.18-py3-none-win_amd64.whl", hash = "sha256:cbbedeb5fefd8c346fe2e1d71af229c04ece00a23ce277e9664db088d35c4f67", size = 25135111, upload-time = "2026-06-01T19:42:30.303Z" },
    { url = "https://files.pythonhosted.org/packages/a7/89/08bf00b50a62639129dd5c65b80a3182e9fddb67899739f9cfdc0ae1f138/uv-0.11.18-py3-none-win_arm64.whl", hash = "sha256:c9f61f96aa88ec1a890a50ca45fc05b51f4f066699e001245199895844708e38", size = 23542490, upload-time = "2026-06-01T19:42:44Z" },
]

[[package]]
name = "virtualenv"
version = "21.4.2"
source = { registry = "https://pypi.org/simple" }
dependencies = [
    { name = "distlib" },
    { name = "filelock" },
    { name = "platformdirs" },
    { name = "python-discovery" },
]
sdist = { url = "https://files.pythonhosted.org/packages/e1/0d/4e93c8e6d1001a75763f87d8f5ecda8ebc7f4aa2153dddfaf4ae8892821a/virtualenv-21.4.2.tar.gz", hash = "sha256:38e6ee0a555615c0ea9da2ac7e9998fe8dc3b911dd33ad8eaad2020957653b0c", size = 7613326, upload-time = "2026-05-31T17:01:22.827Z" }
wheels = [
    { url = "https://files.pythonhosted.org/packages/bf/c4/557dc082be035381b85fdb2b74e21d3d21b57750b74f2b47a32f3a639ff9/virtualenv-21.4.2-py3-none-any.whl", hash = "sha256:854210ca524a1a4d0d744734f4acbc721c3ffe163b85bbf5d56d14d5ae2f0fae", size = 7594079, upload-time = "2026-05-31T17:01:20.735Z" },
]
